
Microsoft Visual Studio Solution File, Format Version 12.00
# Visual Studio Version 16
VisualStudioVersion = 16.0.32413.511
MinimumVisualStudioVersion = 10.0.40219.1
Project("{FAE04EC0-301F-11D3-BF4B-00C04F79EFBC}") = "NullableKonsole", "NullableKonsole\NullableKonsole.csproj", "{2E67F4F6-5273-435A-AC7A-1A09281B9DC6}"
EndProject
Global
	GlobalSection(SolutionConfigurationPlatforms) = preSolution
		Debug|Any CPU = Debug|Any CPU
		Release|Any CPU = Release|Any CPU
	EndGlobalSection
	GlobalSection(ProjectConfigurationPlatforms) = postSolution
		{2E67F4F6-5273-435A-AC7A-1A09281B9DC6}.Debug|Any CPU.ActiveCfg = Debug|Any CPU
		{2E67F4F6-5273-435A-AC7A-1A09281B9DC6}.Debug|Any CPU.Build.0 = Debug|Any CPU
		{2E67F4F6-5273-435A-AC7A-1A09281B9DC6}.Release|Any CPU.ActiveCfg = Release|Any CPU
		{2E67F4F6-5273-435A-AC7A-1A09281B9DC6}.Release|Any CPU.Build.0 = Release|Any CPU
	EndGlobalSection
	GlobalSection(SolutionProperties) = preSolution
		HideSolutionNode = FALSE
	EndGlobalSection
	GlobalSection(ExtensibilityGlobals) = postSolution
		SolutionGuid = {41BE67F1-AA29-4250-AD7F-930D9845CB19}
	EndGlobalSection
EndGlobal
