
Microsoft Visual Studio Solution File, Format Version 12.00
# Visual Studio Version 16
VisualStudioVersion = 16.0.32228.343
MinimumVisualStudioVersion = 10.0.40219.1
Project("{FAE04EC0-301F-11D3-BF4B-00C04F79EFBC}") = "BummlerUi", "BummlerUi\BummlerUi.csproj", "{F518EB50-71F1-4F8F-9F5B-569BB249CB99}"
EndProject
Global
	GlobalSection(SolutionConfigurationPlatforms) = preSolution
		Debug|Any CPU = Debug|Any CPU
		Release|Any CPU = Release|Any CPU
	EndGlobalSection
	GlobalSection(ProjectConfigurationPlatforms) = postSolution
		{F518EB50-71F1-4F8F-9F5B-569BB249CB99}.Debug|Any CPU.ActiveCfg = Debug|Any CPU
		{F518EB50-71F1-4F8F-9F5B-569BB249CB99}.Debug|Any CPU.Build.0 = Debug|Any CPU
		{F518EB50-71F1-4F8F-9F5B-569BB249CB99}.Release|Any CPU.ActiveCfg = Release|Any CPU
		{F518EB50-71F1-4F8F-9F5B-569BB249CB99}.Release|Any CPU.Build.0 = Release|Any CPU
	EndGlobalSection
	GlobalSection(SolutionProperties) = preSolution
		HideSolutionNode = FALSE
	EndGlobalSection
	GlobalSection(ExtensibilityGlobals) = postSolution
		SolutionGuid = {CB8C2658-50FF-4015-BEEF-F89AE1CAF5FF}
	EndGlobalSection
EndGlobal
