
Microsoft Visual Studio Solution File, Format Version 12.00
# Visual Studio Version 16
VisualStudioVersion = 16.0.32228.343
MinimumVisualStudioVersion = 10.0.40219.1
Project("{FAE04EC0-301F-11D3-BF4B-00C04F79EFBC}") = "LambdaKonsole", "LambdaKonsole\LambdaKonsole.csproj", "{1BCC0508-9C80-4F53-84FD-83748CCEAD1E}"
EndProject
Global
	GlobalSection(SolutionConfigurationPlatforms) = preSolution
		Debug|Any CPU = Debug|Any CPU
		Release|Any CPU = Release|Any CPU
	EndGlobalSection
	GlobalSection(ProjectConfigurationPlatforms) = postSolution
		{1BCC0508-9C80-4F53-84FD-83748CCEAD1E}.Debug|Any CPU.ActiveCfg = Debug|Any CPU
		{1BCC0508-9C80-4F53-84FD-83748CCEAD1E}.Debug|Any CPU.Build.0 = Debug|Any CPU
		{1BCC0508-9C80-4F53-84FD-83748CCEAD1E}.Release|Any CPU.ActiveCfg = Release|Any CPU
		{1BCC0508-9C80-4F53-84FD-83748CCEAD1E}.Release|Any CPU.Build.0 = Release|Any CPU
	EndGlobalSection
	GlobalSection(SolutionProperties) = preSolution
		HideSolutionNode = FALSE
	EndGlobalSection
	GlobalSection(ExtensibilityGlobals) = postSolution
		SolutionGuid = {0EF01D33-136C-4514-AE65-4B02825EFEED}
	EndGlobalSection
EndGlobal
